
Microsoft Visual Studio Solution File, Format Version 12.00
# Visual Studio Version 16
VisualStudioVersion = 16.0.31702.278
MinimumVisualStudioVersion = 10.0.40219.1
Project("{FAE04EC0-301F-11D3-BF4B-00C04F79EFBC}") = "oop1", "oop1\oop1.csproj", "{80B49E5F-4266-480D-8C29-C2C0E65DCB07}"
EndProject
Global
	GlobalSection(SolutionConfigurationPlatforms) = preSolution
		Debug|Any CPU = Debug|Any CPU
		Release|Any CPU = Release|Any CPU
	EndGlobalSection
	GlobalSection(ProjectConfigurationPlatforms) = postSolution
		{80B49E5F-4266-480D-8C29-C2C0E65DCB07}.Debug|Any CPU.ActiveCfg = Debug|Any CPU
		{80B49E5F-4266-480D-8C29-C2C0E65DCB07}.Debug|Any CPU.Build.0 = Debug|Any CPU
		{80B49E5F-4266-480D-8C29-C2C0E65DCB07}.Release|Any CPU.ActiveCfg = Release|Any CPU
		{80B49E5F-4266-480D-8C29-C2C0E65DCB07}.Release|Any CPU.Build.0 = Release|Any CPU
	EndGlobalSection
	GlobalSection(SolutionProperties) = preSolution
		HideSolutionNode = FALSE
	EndGlobalSection
	GlobalSection(ExtensibilityGlobals) = postSolution
		SolutionGuid = {01213B31-C82F-41F7-8680-90439EF6BFD1}
	EndGlobalSection
EndGlobal
